
Microsoft Visual Studio Solution File, Format Version 12.00
# Visual Studio Version 16
VisualStudioVersion = 16.0.30204.135
MinimumVisualStudioVersion = 10.0.40219.1
Project("{FAE04EC0-301F-11D3-BF4B-00C04F79EFBC}") = "EasyParser", "EasyParser\EasyParser.csproj", "{EC2368E4-E23B-4660-BD04-41B30898A832}"
EndProject
Global
	GlobalSection(SolutionConfigurationPlatforms) = preSolution
		Debug|Any CPU = Debug|Any CPU
		Release|Any CPU = Release|Any CPU
	EndGlobalSection
	GlobalSection(ProjectConfigurationPlatforms) = postSolution
		{EC2368E4-E23B-4660-BD04-41B30898A832}.Debug|Any CPU.ActiveCfg = Debug|Any CPU
		{EC2368E4-E23B-4660-BD04-41B30898A832}.Debug|Any CPU.Build.0 = Debug|Any CPU
		{EC2368E4-E23B-4660-BD04-41B30898A832}.Release|Any CPU.ActiveCfg = Release|Any CPU
		{EC2368E4-E23B-4660-BD04-41B30898A832}.Release|Any CPU.Build.0 = Release|Any CPU
	EndGlobalSection
	GlobalSection(SolutionProperties) = preSolution
		HideSolutionNode = FALSE
	EndGlobalSection
	GlobalSection(ExtensibilityGlobals) = postSolution
		SolutionGuid = {0A126EFD-02C7-488C-8115-8AB89CB06601}
	EndGlobalSection
EndGlobal
